{
  "version": "5",
  "specifiers": {
    "jsr:@std/collections@^1.0.5": "1.1.5",
    "jsr:@std/toml@1.0.1": "1.0.1"
  },
  "jsr": {
    "@std/collections@1.1.5": {
      "integrity": "c37cc6bbbbf90fec3e782535a46c9c8a3210f19118c61add71fcea86b0ffd491"
    },
    "@std/toml@1.0.1": {
      "integrity": "b55b407159930f338d384b1f8fd317c8e8a35e27ebb8946155f49e3a158d16c4",
      "dependencies": [
        "jsr:@std/collections"
      ]
    }
  },
  "workspace": {
    "packageJson": {
      "dependencies": [
        "npm:@astrojs/mdx@*",
        "npm:@astrojs/preact@*",
        "npm:@astrojs/starlight@~0.37.6",
        "npm:@astrojs/vercel@*",
        "npm:@material/web@^2.4.0",
        "npm:@modelcontextprotocol/ext-apps@^1.0.1",
        "npm:@resvg/resvg-wasm@2.6.2",
        "npm:@types/d3@^7.4.3",
        "npm:@types/node@^22.17.1",
        "npm:@vercel/analytics@^1.5.0",
        "npm:@vercel/functions@^3.4.1",
        "npm:@vitest/ui@^3.2.4",
        "npm:astro-icon@^1.1.5",
        "npm:astro@^5.11.2",
        "npm:d3@^7.9.0",
        "npm:glob@^11.0.3",
        "npm:mermaid@^11.12.0",
        "npm:preact@^10.25.0",
        "npm:sass@^1.83.0",
        "npm:satori@~0.19.1",
        "npm:vercel@^47.0.5",
        "npm:vitest@^3.2.4"
      ]
    }
  }
}
